// !$*UTF8*$!
{
	archiveVersion = 1;
	classes = {
	};
	objectVersion = 56;
	objects = {

/* Begin PBXBuildFile section */
		11621D9D2A52265800037019 /* AppEntry.swift in Sources */ = {isa = PBXBuildFile; fileRef = 11621D9C2A52265800037019 /* AppEntry.swift */; };
		11621D9F2A52265800037019 /* StartView.swift in Sources */ = {isa = PBXBuildFile; fileRef = 11621D9E2A52265800037019 /* StartView.swift */; };
		11621DA12A52265900037019 /* Assets.xcassets in Resources */ = {isa = PBXBuildFile; fileRef = 11621DA02A52265900037019 /* Assets.xcassets */; };
		11621DA42A52265900037019 /* Preview Assets.xcassets in Resources */ = {isa = PBXBuildFile; fileRef = 11621DA32A52265900037019 /* Preview Assets.xcassets */; };
		11621DAB2A52283300037019 /* Launch Screen.storyboard in Resources */ = {isa = PBXBuildFile; fileRef = 11621DAA2A52283300037019 /* Launch Screen.storyboard */; };
		11621DAF2A529E1600037019 /* GameType.swift in Sources */ = {isa = PBXBuildFile; fileRef = 11621DAE2A529E1600037019 /* GameType.swift */; };
		11621DB32A52A5B900037019 /* ViewModifiers.swift in Sources */ = {isa = PBXBuildFile; fileRef = 11621DB22A52A5B900037019 /* ViewModifiers.swift */; };
		11621DB62A52A73700037019 /* GameView.swift in Sources */ = {isa = PBXBuildFile; fileRef = 11621DB52A52A73700037019 /* GameView.swift */; };
		11C91FA92A54136100351A4B /* GameSquare.swift in Sources */ = {isa = PBXBuildFile; fileRef = 11C91FA82A54136100351A4B /* GameSquare.swift */; };
		11C91FAB2A54147100351A4B /* SquareView.swift in Sources */ = {isa = PBXBuildFile; fileRef = 11C91FAA2A54147100351A4B /* SquareView.swift */; };
		11C91FAD2A5431A400351A4B /* YourNameView.swift in Sources */ = {isa = PBXBuildFile; fileRef = 11C91FAC2A5431A400351A4B /* YourNameView.swift */; };
		11C91FB12A555D0100351A4B /* MPConnectionManager.swift in Sources */ = {isa = PBXBuildFile; fileRef = 11C91FB02A555D0100351A4B /* MPConnectionManager.swift */; };
		11C91FB42A55698D00351A4B /* MPGameMove.swift in Sources */ = {isa = PBXBuildFile; fileRef = 11C91FB32A55698D00351A4B /* MPGameMove.swift */; };
		11C91FB62A55797A00351A4B /* MPPeersView.swift in Sources */ = {isa = PBXBuildFile; fileRef = 11C91FB52A55797A00351A4B /* MPPeersView.swift */; };
		11DFD5BF2A540CCB00645B36 /* GameService.swift in Sources */ = {isa = PBXBuildFile; fileRef = 11DFD5BE2A540CCB00645B36 /* GameService.swift */; };
/* End PBXBuildFile section */

/* Begin PBXFileReference section */
		11621D992A52265800037019 /* Tic Tac Toe.app */ = {isa = PBXFileReference; explicitFileType = wrapper.application; includeInIndex = 0; path = "Tic Tac Toe.app"; sourceTree = BUILT_PRODUCTS_DIR; };
		11621D9C2A52265800037019 /* AppEntry.swift */ = {isa = PBXFileReference; lastKnownFileType = sourcecode.swift; path = AppEntry.swift; sourceTree = "<group>"; };
		11621D9E2A52265800037019 /* StartView.swift */ = {isa = PBXFileReference; lastKnownFileType = sourcecode.swift; path = StartView.swift; sourceTree = "<group>"; };
		11621DA02A52265900037019 /* Assets.xcassets */ = {isa = PBXFileReference; lastKnownFileType = folder.assetcatalog; path = Assets.xcassets; sourceTree = "<group>"; };
		11621DA32A52265900037019 /* Preview Assets.xcassets */ = {isa = PBXFileReference; lastKnownFileType = folder.assetcatalog; path = "Preview Assets.xcassets"; sourceTree = "<group>"; };
		11621DAA2A52283300037019 /* Launch Screen.storyboard */ = {isa = PBXFileReference; lastKnownFileType = file.storyboard; path = "Launch Screen.storyboard"; sourceTree = "<group>"; };
		11621DAE2A529E1600037019 /* GameType.swift */ = {isa = PBXFileReference; lastKnownFileType = sourcecode.swift; path = GameType.swift; sourceTree = "<group>"; };
		11621DB22A52A5B900037019 /* ViewModifiers.swift */ = {isa = PBXFileReference; lastKnownFileType = sourcecode.swift; path = ViewModifiers.swift; sourceTree = "<group>"; };
		11621DB52A52A73700037019 /* GameView.swift */ = {isa = PBXFileReference; lastKnownFileType = sourcecode.swift; path = GameView.swift; sourceTree = "<group>"; };
		11C91FA82A54136100351A4B /* GameSquare.swift */ = {isa = PBXFileReference; lastKnownFileType = sourcecode.swift; path = GameSquare.swift; sourceTree = "<group>"; };
		11C91FAA2A54147100351A4B /* SquareView.swift */ = {isa = PBXFileReference; lastKnownFileType = sourcecode.swift; path = SquareView.swift; sourceTree = "<group>"; };
		11C91FAC2A5431A400351A4B /* YourNameView.swift */ = {isa = PBXFileReference; lastKnownFileType = sourcecode.swift; path = YourNameView.swift; sourceTree = "<group>"; };
		11C91FAE2A555BF100351A4B /* Tic-Tac-Toe-Info.plist */ = {isa = PBXFileReference; lastKnownFileType = text.plist; path = "Tic-Tac-Toe-Info.plist"; sourceTree = SOURCE_ROOT; };
		11C91FB02A555D0100351A4B /* MPConnectionManager.swift */ = {isa = PBXFileReference; lastKnownFileType = sourcecode.swift; path = MPConnectionManager.swift; sourceTree = "<group>"; };
		11C91FB32A55698D00351A4B /* MPGameMove.swift */ = {isa = PBXFileReference; lastKnownFileType = sourcecode.swift; path = MPGameMove.swift; sourceTree = "<group>"; };
		11C91FB52A55797A00351A4B /* MPPeersView.swift */ = {isa = PBXFileReference; lastKnownFileType = sourcecode.swift; path = MPPeersView.swift; sourceTree = "<group>"; };
		11DFD5BE2A540CCB00645B36 /* GameService.swift */ = {isa = PBXFileReference; lastKnownFileType = sourcecode.swift; path = GameService.swift; sourceTree = "<group>"; };
/* End PBXFileReference section */

/* Begin PBXFrameworksBuildPhase section */
		11621D962A52265800037019 /* Frameworks */ = {
			isa = PBXFrameworksBuildPhase;
			buildActionMask = 2147483647;
			files = (
			);
			runOnlyForDeploymentPostprocessing = 0;
		};
/* End PBXFrameworksBuildPhase section */

/* Begin PBXGroup section */
		11621D902A52265800037019 = {
			isa = PBXGroup;
			children = (
				11621D9B2A52265800037019 /* Tic Tac Toe */,
				11621D9A2A52265800037019 /* Products */,
			);
			sourceTree = "<group>";
		};
		11621D9A2A52265800037019 /* Products */ = {
			isa = PBXGroup;
			children = (
				11621D992A52265800037019 /* Tic Tac Toe.app */,
			);
			name = Products;
			sourceTree = "<group>";
		};
		11621D9B2A52265800037019 /* Tic Tac Toe */ = {
			isa = PBXGroup;
			children = (
				11C91FAE2A555BF100351A4B /* Tic-Tac-Toe-Info.plist */,
				11621D9C2A52265800037019 /* AppEntry.swift */,
				11C91FAC2A5431A400351A4B /* YourNameView.swift */,
				11621D9E2A52265800037019 /* StartView.swift */,
				11621DB42A52A71C00037019 /* Game Screen */,
				11C91FAF2A555CBB00351A4B /* MultiPeerConnectivity */,
				11621DAD2A529E0000037019 /* Models */,
				11621DB12A52A58500037019 /* Utilities */,
				11621DA02A52265900037019 /* Assets.xcassets */,
				11621DAA2A52283300037019 /* Launch Screen.storyboard */,
				11621DA22A52265900037019 /* Preview Content */,
			);
			path = "Tic Tac Toe";
			sourceTree = "<group>";
		};
		11621DA22A52265900037019 /* Preview Content */ = {
			isa = PBXGroup;
			children = (
				11621DA32A52265900037019 /* Preview Assets.xcassets */,
			);
			path = "Preview Content";
			sourceTree = "<group>";
		};
		11621DAD2A529E0000037019 /* Models */ = {
			isa = PBXGroup;
			children = (
				11621DAE2A529E1600037019 /* GameType.swift */,
			);
			path = Models;
			sourceTree = "<group>";
		};
		11621DB12A52A58500037019 /* Utilities */ = {
			isa = PBXGroup;
			children = (
				11621DB22A52A5B900037019 /* ViewModifiers.swift */,
			);
			path = Utilities;
			sourceTree = "<group>";
		};
		11621DB42A52A71C00037019 /* Game Screen */ = {
			isa = PBXGroup;
			children = (
				11DFD5BE2A540CCB00645B36 /* GameService.swift */,
				11621DB52A52A73700037019 /* GameView.swift */,
				11C91FA82A54136100351A4B /* GameSquare.swift */,
				11C91FAA2A54147100351A4B /* SquareView.swift */,
			);
			path = "Game Screen";
			sourceTree = "<group>";
		};
		11C91FAF2A555CBB00351A4B /* MultiPeerConnectivity */ = {
			isa = PBXGroup;
			children = (
				11C91FB02A555D0100351A4B /* MPConnectionManager.swift */,
				11C91FB32A55698D00351A4B /* MPGameMove.swift */,
				11C91FB52A55797A00351A4B /* MPPeersView.swift */,
			);
			path = MultiPeerConnectivity;
			sourceTree = "<group>";
		};
/* End PBXGroup section */

/* Begin PBXNativeTarget section */
		11621D982A52265800037019 /* Tic Tac Toe */ = {
			isa = PBXNativeTarget;
			buildConfigurationList = 11621DA72A52265900037019 /* Build configuration list for PBXNativeTarget "Tic Tac Toe" */;
			buildPhases = (
				11621D952A52265800037019 /* Sources */,
				11621D962A52265800037019 /* Frameworks */,
				11621D972A52265800037019 /* Resources */,
			);
			buildRules = (
			);
			dependencies = (
			);
			name = "Tic Tac Toe";
			productName = "Tic Tac Toe";
			productReference = 11621D992A52265800037019 /* Tic Tac Toe.app */;
			productType = "com.apple.product-type.application";
		};
/* End PBXNativeTarget section */

/* Begin PBXProject section */
		11621D912A52265800037019 /* Project object */ = {
			isa = PBXProject;
			attributes = {
				BuildIndependentTargetsInParallel = 1;
				LastSwiftUpdateCheck = 1430;
				LastUpgradeCheck = 1430;
				TargetAttributes = {
					11621D982A52265800037019 = {
						CreatedOnToolsVersion = 14.3.1;
					};
				};
			};
			buildConfigurationList = 11621D942A52265800037019 /* Build configuration list for PBXProject "Tic Tac Toe" */;
			compatibilityVersion = "Xcode 14.0";
			developmentRegion = en;
			hasScannedForEncodings = 0;
			knownRegions = (
				en,
				Base,
			);
			mainGroup = 11621D902A52265800037019;
			productRefGroup = 11621D9A2A52265800037019 /* Products */;
			projectDirPath = "";
			projectRoot = "";
			targets = (
				11621D982A52265800037019 /* Tic Tac Toe */,
			);
		};
/* End PBXProject section */

/* Begin PBXResourcesBuildPhase section */
		11621D972A52265800037019 /* Resources */ = {
			isa = PBXResourcesBuildPhase;
			buildActionMask = 2147483647;
			files = (
				11621DAB2A52283300037019 /* Launch Screen.storyboard in Resources */,
				11621DA42A52265900037019 /* Preview Assets.xcassets in Resources */,
				11621DA12A52265900037019 /* Assets.xcassets in Resources */,
			);
			runOnlyForDeploymentPostprocessing = 0;
		};
/* End PBXResourcesBuildPhase section */

/* Begin PBXSourcesBuildPhase section */
		11621D952A52265800037019 /* Sources */ = {
			isa = PBXSourcesBuildPhase;
			buildActionMask = 2147483647;
			files = (
				11C91FB42A55698D00351A4B /* MPGameMove.swift in Sources */,
				11C91FAD2A5431A400351A4B /* YourNameView.swift in Sources */,
				11621D9F2A52265800037019 /* StartView.swift in Sources */,
				11621D9D2A52265800037019 /* AppEntry.swift in Sources */,
				11621DAF2A529E1600037019 /* GameType.swift in Sources */,
				11DFD5BF2A540CCB00645B36 /* GameService.swift in Sources */,
				11621DB32A52A5B900037019 /* ViewModifiers.swift in Sources */,
				11C91FB62A55797A00351A4B /* MPPeersView.swift in Sources */,
				11C91FB12A555D0100351A4B /* MPConnectionManager.swift in Sources */,
				11621DB62A52A73700037019 /* GameView.swift in Sources */,
				11C91FA92A54136100351A4B /* GameSquare.swift in Sources */,
				11C91FAB2A54147100351A4B /* SquareView.swift in Sources */,
			);
			runOnlyForDeploymentPostprocessing = 0;
		};
/* End PBXSourcesBuildPhase section */

/* Begin XCBuildConfiguration section */
		11621DA52A52265900037019 /* Debug */ = {
			isa = XCBuildConfiguration;
			buildSettings = {
				ALWAYS_SEARCH_USER_PATHS = NO;
				CLANG_ANALYZER_NONNULL = YES;
				CLANG_ANALYZER_NUMBER_OBJECT_CONVERSION = YES_AGGRESSIVE;
				CLANG_CXX_LANGUAGE_STANDARD = "gnu++20";
				CLANG_ENABLE_MODULES = YES;
				CLANG_ENABLE_OBJC_ARC = YES;
				CLANG_ENABLE_OBJC_WEAK = YES;
				CLANG_WARN_BLOCK_CAPTURE_AUTORELEASING = YES;
				CLANG_WARN_BOOL_CONVERSION = YES;
				CLANG_WARN_COMMA = YES;
				CLANG_WARN_CONSTANT_CONVERSION = YES;
				CLANG_WARN_DEPRECATED_OBJC_IMPLEMENTATIONS = YES;
				CLANG_WARN_DIRECT_OBJC_ISA_USAGE = YES_ERROR;
				CLANG_WARN_DOCUMENTATION_COMMENTS = YES;
				CLANG_WARN_EMPTY_BODY = YES;
				CLANG_WARN_ENUM_CONVERSION = YES;
				CLANG_WARN_INFINITE_RECURSION = YES;
				CLANG_WARN_INT_CONVERSION = YES;
				CLANG_WARN_NON_LITERAL_NULL_CONVERSION = YES;
				CLANG_WARN_OBJC_IMPLICIT_RETAIN_SELF = YES;
				CLANG_WARN_OBJC_LITERAL_CONVERSION = YES;
				CLANG_WARN_OBJC_ROOT_CLASS = YES_ERROR;
				CLANG_WARN_QUOTED_INCLUDE_IN_FRAMEWORK_HEADER = YES;
				CLANG_WARN_RANGE_LOOP_ANALYSIS = YES;
				CLANG_WARN_STRICT_PROTOTYPES = YES;
				CLANG_WARN_SUSPICIOUS_MOVE = YES;
				CLANG_WARN_UNGUARDED_AVAILABILITY = YES_AGGRESSIVE;
				CLANG_WARN_UNREACHABLE_CODE = YES;
				CLANG_WARN__DUPLICATE_METHOD_MATCH = YES;
				COPY_PHASE_STRIP = NO;
				DEBUG_INFORMATION_FORMAT = dwarf;
				ENABLE_STRICT_OBJC_MSGSEND = YES;
				ENABLE_TESTABILITY = YES;
				GCC_C_LANGUAGE_STANDARD = gnu11;
				GCC_DYNAMIC_NO_PIC = NO;
				GCC_NO_COMMON_BLOCKS = YES;
				GCC_OPTIMIZATION_LEVEL = 0;
				GCC_PREPROCESSOR_DEFINITIONS = (
					"DEBUG=1",
					"$(inherited)",
				);
				GCC_WARN_64_TO_32_BIT_CONVERSION = YES;
				GCC_WARN_ABOUT_RETURN_TYPE = YES_ERROR;
				GCC_WARN_UNDECLARED_SELECTOR = YES;
				GCC_WARN_UNINITIALIZED_AUTOS = YES_AGGRESSIVE;
				GCC_WARN_UNUSED_FUNCTION = YES;
				GCC_WARN_UNUSED_VARIABLE = YES;
				IPHONEOS_DEPLOYMENT_TARGET = 16.4;
				MTL_ENABLE_DEBUG_INFO = INCLUDE_SOURCE;
				MTL_FAST_MATH = YES;
				ONLY_ACTIVE_ARCH = YES;
				SDKROOT = iphoneos;
				SWIFT_ACTIVE_COMPILATION_CONDITIONS = DEBUG;
				SWIFT_OPTIMIZATION_LEVEL = "-Onone";
			};
			name = Debug;
		};
		11621DA62A52265900037019 /* Release */ = {
			isa = XCBuildConfiguration;
			buildSettings = {
				ALWAYS_SEARCH_USER_PATHS = NO;
				CLANG_ANALYZER_NONNULL = YES;
				CLANG_ANALYZER_NUMBER_OBJECT_CONVERSION = YES_AGGRESSIVE;
				CLANG_CXX_LANGUAGE_STANDARD = "gnu++20";
				CLANG_ENABLE_MODULES = YES;
				CLANG_ENABLE_OBJC_ARC = YES;
				CLANG_ENABLE_OBJC_WEAK = YES;
				CLANG_WARN_BLOCK_CAPTURE_AUTORELEASING = YES;
				CLANG_WARN_BOOL_CONVERSION = YES;
				CLANG_WARN_COMMA = YES;
				CLANG_WARN_CONSTANT_CONVERSION = YES;
				CLANG_WARN_DEPRECATED_OBJC_IMPLEMENTATIONS = YES;
				CLANG_WARN_DIRECT_OBJC_ISA_USAGE = YES_ERROR;
				CLANG_WARN_DOCUMENTATION_COMMENTS = YES;
				CLANG_WARN_EMPTY_BODY = YES;
				CLANG_WARN_ENUM_CONVERSION = YES;
				CLANG_WARN_INFINITE_RECURSION = YES;
				CLANG_WARN_INT_CONVERSION = YES;
				CLANG_WARN_NON_LITERAL_NULL_CONVERSION = YES;
				CLANG_WARN_OBJC_IMPLICIT_RETAIN_SELF = YES;
				CLANG_WARN_OBJC_LITERAL_CONVERSION = YES;
				CLANG_WARN_OBJC_ROOT_CLASS = YES_ERROR;
				CLANG_WARN_QUOTED_INCLUDE_IN_FRAMEWORK_HEADER = YES;
				CLANG_WARN_RANGE_LOOP_ANALYSIS = YES;
				CLANG_WARN_STRICT_PROTOTYPES = YES;
				CLANG_WARN_SUSPICIOUS_MOVE = YES;
				CLANG_WARN_UNGUARDED_AVAILABILITY = YES_AGGRESSIVE;
				CLANG_WARN_UNREACHABLE_CODE = YES;
				CLANG_WARN__DUPLICATE_METHOD_MATCH = YES;
				COPY_PHASE_STRIP = NO;
				DEBUG_INFORMATION_FORMAT = "dwarf-with-dsym";
				ENABLE_NS_ASSERTIONS = NO;
				ENABLE_STRICT_OBJC_MSGSEND = YES;
				GCC_C_LANGUAGE_STANDARD = gnu11;
				GCC_NO_COMMON_BLOCKS = YES;
				GCC_WARN_64_TO_32_BIT_CONVERSION = YES;
				GCC_WARN_ABOUT_RETURN_TYPE = YES_ERROR;
				GCC_WARN_UNDECLARED_SELECTOR = YES;
				GCC_WARN_UNINITIALIZED_AUTOS = YES_AGGRESSIVE;
				GCC_WARN_UNUSED_FUNCTION = YES;
				GCC_WARN_UNUSED_VARIABLE = YES;
				IPHONEOS_DEPLOYMENT_TARGET = 16.4;
				MTL_ENABLE_DEBUG_INFO = NO;
				MTL_FAST_MATH = YES;
				SDKROOT = iphoneos;
				SWIFT_COMPILATION_MODE = wholemodule;
				SWIFT_OPTIMIZATION_LEVEL = "-O";
				VALIDATE_PRODUCT = YES;
			};
			name = Release;
		};
		11621DA82A52265900037019 /* Debug */ = {
			isa = XCBuildConfiguration;
			buildSettings = {
				ASSETCATALOG_COMPILER_APPICON_NAME = AppIcon;
				ASSETCATALOG_COMPILER_GLOBAL_ACCENT_COLOR_NAME = AccentColor;
				CODE_SIGN_STYLE = Automatic;
				CURRENT_PROJECT_VERSION = 1;
				DEVELOPMENT_ASSET_PATHS = "\"Tic Tac Toe/Preview Content\"";
				DEVELOPMENT_TEAM = SQ9M7C5KUG;
				ENABLE_PREVIEWS = YES;
				GENERATE_INFOPLIST_FILE = YES;
				INFOPLIST_FILE = "Tic-Tac-Toe-Info.plist";
				INFOPLIST_KEY_NSLocalNetworkUsageDescription = "Would like to play X's and O's";
				INFOPLIST_KEY_UIApplicationSceneManifest_Generation = YES;
				INFOPLIST_KEY_UIApplicationSupportsIndirectInputEvents = YES;
				INFOPLIST_KEY_UILaunchScreen_Generation = YES;
				INFOPLIST_KEY_UILaunchStoryboardName = "Launch Screen.storyboard";
				INFOPLIST_KEY_UISupportedInterfaceOrientations = UIInterfaceOrientationPortrait;
				INFOPLIST_KEY_UISupportedInterfaceOrientations_iPad = "UIInterfaceOrientationLandscapeLeft UIInterfaceOrientationLandscapeRight UIInterfaceOrientationPortrait UIInterfaceOrientationPortraitUpsideDown";
				IPHONEOS_DEPLOYMENT_TARGET = 15.0;
				LD_RUNPATH_SEARCH_PATHS = (
					"$(inherited)",
					"@executable_path/Frameworks",
				);
				MARKETING_VERSION = 1.0;
				PRODUCT_BUNDLE_IDENTIFIER = "com.adilmustafay-lmaz.Tic-Tac-Toe";
				PRODUCT_NAME = "$(TARGET_NAME)";
				SWIFT_EMIT_LOC_STRINGS = YES;
				SWIFT_VERSION = 5.0;
				TARGETED_DEVICE_FAMILY = "1,2";
			};
			name = Debug;
		};
		11621DA92A52265900037019 /* Release */ = {
			isa = XCBuildConfiguration;
			buildSettings = {
				ASSETCATALOG_COMPILER_APPICON_NAME = AppIcon;
				ASSETCATALOG_COMPILER_GLOBAL_ACCENT_COLOR_NAME = AccentColor;
				CODE_SIGN_STYLE = Automatic;
				CURRENT_PROJECT_VERSION = 1;
				DEVELOPMENT_ASSET_PATHS = "\"Tic Tac Toe/Preview Content\"";
				DEVELOPMENT_TEAM = SQ9M7C5KUG;
				ENABLE_PREVIEWS = YES;
				GENERATE_INFOPLIST_FILE = YES;
				INFOPLIST_FILE = "Tic-Tac-Toe-Info.plist";
				INFOPLIST_KEY_NSLocalNetworkUsageDescription = "Would like to play X's and O's";
				INFOPLIST_KEY_UIApplicationSceneManifest_Generation = YES;
				INFOPLIST_KEY_UIApplicationSupportsIndirectInputEvents = YES;
				INFOPLIST_KEY_UILaunchScreen_Generation = YES;
				INFOPLIST_KEY_UILaunchStoryboardName = "Launch Screen.storyboard";
				INFOPLIST_KEY_UISupportedInterfaceOrientations = UIInterfaceOrientationPortrait;
				INFOPLIST_KEY_UISupportedInterfaceOrientations_iPad = "UIInterfaceOrientationLandscapeLeft UIInterfaceOrientationLandscapeRight UIInterfaceOrientationPortrait UIInterfaceOrientationPortraitUpsideDown";
				IPHONEOS_DEPLOYMENT_TARGET = 15.0;
				LD_RUNPATH_SEARCH_PATHS = (
					"$(inherited)",
					"@executable_path/Frameworks",
				);
				MARKETING_VERSION = 1.0;
				PRODUCT_BUNDLE_IDENTIFIER = "com.adilmustafay-lmaz.Tic-Tac-Toe";
				PRODUCT_NAME = "$(TARGET_NAME)";
				SWIFT_EMIT_LOC_STRINGS = YES;
				SWIFT_VERSION = 5.0;
				TARGETED_DEVICE_FAMILY = "1,2";
			};
			name = Release;
		};
/* End XCBuildConfiguration section */

/* Begin XCConfigurationList section */
		11621D942A52265800037019 /* Build configuration list for PBXProject "Tic Tac Toe" */ = {
			isa = XCConfigurationList;
			buildConfigurations = (
				11621DA52A52265900037019 /* Debug */,
				11621DA62A52265900037019 /* Release */,
			);
			defaultConfigurationIsVisible = 0;
			defaultConfigurationName = Release;
		};
		11621DA72A52265900037019 /* Build configuration list for PBXNativeTarget "Tic Tac Toe" */ = {
			isa = XCConfigurationList;
			buildConfigurations = (
				11621DA82A52265900037019 /* Debug */,
				11621DA92A52265900037019 /* Release */,
			);
			defaultConfigurationIsVisible = 0;
			defaultConfigurationName = Release;
		};
/* End XCConfigurationList section */
	};
	rootObject = 11621D912A52265800037019 /* Project object */;
}
